
Microsoft Visual Studio Solution File, Format Version 12.00
# Visual Studio Version 17
VisualStudioVersion = 17.14.36202.13
MinimumVisualStudioVersion = 10.0.40219.1
Project("{FAE04EC0-301F-11D3-BF4B-00C04F79EFBC}") = "QLquancafe", "QLquancafe.csproj", "{808D586A-D8D5-4E45-AED7-2AE803657947}"
EndProject
Global
	GlobalSection(SolutionConfigurationPlatforms) = preSolution
		Debug|Any CPU = Debug|Any CPU
		Release|Any CPU = Release|Any CPU
	EndGlobalSection
	GlobalSection(ProjectConfigurationPlatforms) = postSolution
		{808D586A-D8D5-4E45-AED7-2AE803657947}.Debug|Any CPU.ActiveCfg = Debug|Any CPU
		{808D586A-D8D5-4E45-AED7-2AE803657947}.Debug|Any CPU.Build.0 = Debug|Any CPU
		{808D586A-D8D5-4E45-AED7-2AE803657947}.Release|Any CPU.ActiveCfg = Release|Any CPU
		{808D586A-D8D5-4E45-AED7-2AE803657947}.Release|Any CPU.Build.0 = Release|Any CPU
	EndGlobalSection
	GlobalSection(SolutionProperties) = preSolution
		HideSolutionNode = FALSE
	EndGlobalSection
	GlobalSection(ExtensibilityGlobals) = postSolution
		SolutionGuid = {2503E602-83A6-41E0-8473-76E1B193F869}
	EndGlobalSection
EndGlobal
